
Microsoft Visual Studio Solution File, Format Version 11.00
# Visual Studio 2010
Project("{FAE04EC0-301F-11D3-BF4B-00C04F79EFBC}") = "i2-TradePlus", "i2-TradePlus.csproj", "{0D615E4C-3D57-4362-9FC3-953CE9D95725}"
EndProject
Project("{FAE04EC0-301F-11D3-BF4B-00C04F79EFBC}") = "ITSNet.Common.BIZ", "ITSNet.Common.BIZ.csproj", "{A9E8AA91-8171-4731-A336-05679E338BE0}"
EndProject
Project("{FAE04EC0-301F-11D3-BF4B-00C04F79EFBC}") = "i2-TradePlus.XmlSerializers", "i2-TradePlus.XmlSerializers.csproj", "{222408E3-CA2E-49B4-A3DB-FFE004251107}"
EndProject
Project("{FAE04EC0-301F-11D3-BF4B-00C04F79EFBC}") = "ITSNet.Controls.XtWebBrowser", "ITSNet.Controls.XtWebBrowser.csproj", "{F39563AE-9198-4523-BF4B-A244C90AC61A}"
EndProject
Global
	GlobalSection(SolutionConfigurationPlatforms) = preSolution
		Debug|Any CPU = Debug|Any CPU
		Debug|Mixed Platforms = Debug|Mixed Platforms
		Debug|x86 = Debug|x86
		Release|Any CPU = Release|Any CPU
		Release|Mixed Platforms = Release|Mixed Platforms
		Release|x86 = Release|x86
	EndGlobalSection
	GlobalSection(ProjectConfigurationPlatforms) = postSolution
		{0D615E4C-3D57-4362-9FC3-953CE9D95725}.Debug|Any CPU.ActiveCfg = Debug|x86
		{0D615E4C-3D57-4362-9FC3-953CE9D95725}.Debug|Mixed Platforms.ActiveCfg = Debug|x86
		{0D615E4C-3D57-4362-9FC3-953CE9D95725}.Debug|Mixed Platforms.Build.0 = Debug|x86
		{0D615E4C-3D57-4362-9FC3-953CE9D95725}.Debug|x86.ActiveCfg = Debug|x86
		{0D615E4C-3D57-4362-9FC3-953CE9D95725}.Debug|x86.Build.0 = Debug|x86
		{0D615E4C-3D57-4362-9FC3-953CE9D95725}.Release|Any CPU.ActiveCfg = Release|x86
		{0D615E4C-3D57-4362-9FC3-953CE9D95725}.Release|Mixed Platforms.ActiveCfg = Release|x86
		{0D615E4C-3D57-4362-9FC3-953CE9D95725}.Release|Mixed Platforms.Build.0 = Release|x86
		{0D615E4C-3D57-4362-9FC3-953CE9D95725}.Release|x86.ActiveCfg = Release|x86
		{0D615E4C-3D57-4362-9FC3-953CE9D95725}.Release|x86.Build.0 = Release|x86
		{A9E8AA91-8171-4731-A336-05679E338BE0}.Debug|Any CPU.ActiveCfg = Debug|Any CPU
		{A9E8AA91-8171-4731-A336-05679E338BE0}.Debug|Any CPU.Build.0 = Debug|Any CPU
		{A9E8AA91-8171-4731-A336-05679E338BE0}.Debug|Mixed Platforms.ActiveCfg = Debug|Any CPU
		{A9E8AA91-8171-4731-A336-05679E338BE0}.Debug|Mixed Platforms.Build.0 = Debug|Any CPU
		{A9E8AA91-8171-4731-A336-05679E338BE0}.Debug|x86.ActiveCfg = Debug|Any CPU
		{A9E8AA91-8171-4731-A336-05679E338BE0}.Release|Any CPU.ActiveCfg = Release|Any CPU
		{A9E8AA91-8171-4731-A336-05679E338BE0}.Release|Any CPU.Build.0 = Release|Any CPU
		{A9E8AA91-8171-4731-A336-05679E338BE0}.Release|Mixed Platforms.ActiveCfg = Release|Any CPU
		{A9E8AA91-8171-4731-A336-05679E338BE0}.Release|Mixed Platforms.Build.0 = Release|Any CPU
		{A9E8AA91-8171-4731-A336-05679E338BE0}.Release|x86.ActiveCfg = Release|Any CPU
		{222408E3-CA2E-49B4-A3DB-FFE004251107}.Debug|Any CPU.ActiveCfg = Debug|Any CPU
		{222408E3-CA2E-49B4-A3DB-FFE004251107}.Debug|Any CPU.Build.0 = Debug|Any CPU
		{222408E3-CA2E-49B4-A3DB-FFE004251107}.Debug|Mixed Platforms.ActiveCfg = Debug|Any CPU
		{222408E3-CA2E-49B4-A3DB-FFE004251107}.Debug|Mixed Platforms.Build.0 = Debug|Any CPU
		{222408E3-CA2E-49B4-A3DB-FFE004251107}.Debug|x86.ActiveCfg = Debug|Any CPU
		{222408E3-CA2E-49B4-A3DB-FFE004251107}.Release|Any CPU.ActiveCfg = Release|Any CPU
		{222408E3-CA2E-49B4-A3DB-FFE004251107}.Release|Any CPU.Build.0 = Release|Any CPU
		{222408E3-CA2E-49B4-A3DB-FFE004251107}.Release|Mixed Platforms.ActiveCfg = Release|Any CPU
		{222408E3-CA2E-49B4-A3DB-FFE004251107}.Release|Mixed Platforms.Build.0 = Release|Any CPU
		{222408E3-CA2E-49B4-A3DB-FFE004251107}.Release|x86.ActiveCfg = Release|Any CPU
		{F39563AE-9198-4523-BF4B-A244C90AC61A}.Debug|Any CPU.ActiveCfg = Debug|Any CPU
		{F39563AE-9198-4523-BF4B-A244C90AC61A}.Debug|Any CPU.Build.0 = Debug|Any CPU
		{F39563AE-9198-4523-BF4B-A244C90AC61A}.Debug|Mixed Platforms.ActiveCfg = Debug|Any CPU
		{F39563AE-9198-4523-BF4B-A244C90AC61A}.Debug|Mixed Platforms.Build.0 = Debug|Any CPU
		{F39563AE-9198-4523-BF4B-A244C90AC61A}.Debug|x86.ActiveCfg = Debug|Any CPU
		{F39563AE-9198-4523-BF4B-A244C90AC61A}.Release|Any CPU.ActiveCfg = Release|Any CPU
		{F39563AE-9198-4523-BF4B-A244C90AC61A}.Release|Any CPU.Build.0 = Release|Any CPU
		{F39563AE-9198-4523-BF4B-A244C90AC61A}.Release|Mixed Platforms.ActiveCfg = Release|Any CPU
		{F39563AE-9198-4523-BF4B-A244C90AC61A}.Release|Mixed Platforms.Build.0 = Release|Any CPU
		{F39563AE-9198-4523-BF4B-A244C90AC61A}.Release|x86.ActiveCfg = Release|Any CPU
	EndGlobalSection
	GlobalSection(SolutionProperties) = preSolution
		HideSolutionNode = FALSE
	EndGlobalSection
EndGlobal
